// !$*UTF8*$!
{
	archiveVersion = 1;
	classes = {
	};
	objectVersion = 56;
	objects = {

/* Begin PBXBuildFile section */
		BF1950262B4DBCCC00DD1F2A /* WorkhourApp.swift in Sources */ = {isa = PBXBuildFile; fileRef = BF1950252B4DBCCC00DD1F2A /* WorkhourApp.swift */; };
		BF1950282B4DBCCC00DD1F2A /* ContentView.swift in Sources */ = {isa = PBXBuildFile; fileRef = BF1950272B4DBCCC00DD1F2A /* ContentView.swift */; };
		BF19502A2B4DBCCD00DD1F2A /* Assets.xcassets in Resources */ = {isa = PBXBuildFile; fileRef = BF1950292B4DBCCD00DD1F2A /* Assets.xcassets */; };
		BF19502D2B4DBCCD00DD1F2A /* Preview Assets.xcassets in Resources */ = {isa = PBXBuildFile; fileRef = BF19502C2B4DBCCD00DD1F2A /* Preview Assets.xcassets */; };
		BF1950372B4DD28600DD1F2A /* FirebaseAnalytics in Frameworks */ = {isa = PBXBuildFile; productRef = BF1950362B4DD28600DD1F2A /* FirebaseAnalytics */; };
		BF1950392B4DD28600DD1F2A /* FirebaseAnalyticsOnDeviceConversion in Frameworks */ = {isa = PBXBuildFile; productRef = BF1950382B4DD28600DD1F2A /* FirebaseAnalyticsOnDeviceConversion */; };
		BF19503B2B4DD28600DD1F2A /* FirebaseAnalyticsSwift in Frameworks */ = {isa = PBXBuildFile; productRef = BF19503A2B4DD28600DD1F2A /* FirebaseAnalyticsSwift */; };
		BF19503D2B4DD28600DD1F2A /* FirebaseAnalyticsWithoutAdIdSupport in Frameworks */ = {isa = PBXBuildFile; productRef = BF19503C2B4DD28600DD1F2A /* FirebaseAnalyticsWithoutAdIdSupport */; };
		BF19503F2B4DD28600DD1F2A /* FirebaseAppCheck in Frameworks */ = {isa = PBXBuildFile; productRef = BF19503E2B4DD28600DD1F2A /* FirebaseAppCheck */; };
		BF1950412B4DD28600DD1F2A /* FirebaseAppDistribution-Beta in Frameworks */ = {isa = PBXBuildFile; productRef = BF1950402B4DD28600DD1F2A /* FirebaseAppDistribution-Beta */; };
		BF1950432B4DD28600DD1F2A /* FirebaseAuth in Frameworks */ = {isa = PBXBuildFile; productRef = BF1950422B4DD28600DD1F2A /* FirebaseAuth */; };
		BF1950452B4DD28600DD1F2A /* FirebaseAuthCombine-Community in Frameworks */ = {isa = PBXBuildFile; productRef = BF1950442B4DD28600DD1F2A /* FirebaseAuthCombine-Community */; };
		BF1950472B4DD28600DD1F2A /* FirebaseCrashlytics in Frameworks */ = {isa = PBXBuildFile; productRef = BF1950462B4DD28600DD1F2A /* FirebaseCrashlytics */; };
		BF1950492B4DD28600DD1F2A /* FirebaseDatabase in Frameworks */ = {isa = PBXBuildFile; productRef = BF1950482B4DD28600DD1F2A /* FirebaseDatabase */; };
		BF19504B2B4DD28600DD1F2A /* FirebaseDatabaseSwift in Frameworks */ = {isa = PBXBuildFile; productRef = BF19504A2B4DD28600DD1F2A /* FirebaseDatabaseSwift */; };
		BF19504D2B4DD28600DD1F2A /* FirebaseDynamicLinks in Frameworks */ = {isa = PBXBuildFile; productRef = BF19504C2B4DD28600DD1F2A /* FirebaseDynamicLinks */; };
		BF19504F2B4DD28600DD1F2A /* FirebaseFirestore in Frameworks */ = {isa = PBXBuildFile; productRef = BF19504E2B4DD28600DD1F2A /* FirebaseFirestore */; };
		BF1950512B4DD28600DD1F2A /* FirebaseFirestoreCombine-Community in Frameworks */ = {isa = PBXBuildFile; productRef = BF1950502B4DD28600DD1F2A /* FirebaseFirestoreCombine-Community */; };
		BF1950532B4DD28600DD1F2A /* FirebaseFirestoreSwift in Frameworks */ = {isa = PBXBuildFile; productRef = BF1950522B4DD28600DD1F2A /* FirebaseFirestoreSwift */; };
		BF1950552B4DD28600DD1F2A /* FirebaseFunctions in Frameworks */ = {isa = PBXBuildFile; productRef = BF1950542B4DD28600DD1F2A /* FirebaseFunctions */; };
		BF1950572B4DD28600DD1F2A /* FirebaseFunctionsCombine-Community in Frameworks */ = {isa = PBXBuildFile; productRef = BF1950562B4DD28600DD1F2A /* FirebaseFunctionsCombine-Community */; };
		BF1950592B4DD28600DD1F2A /* FirebaseInAppMessaging-Beta in Frameworks */ = {isa = PBXBuildFile; productRef = BF1950582B4DD28600DD1F2A /* FirebaseInAppMessaging-Beta */; };
		BF19505B2B4DD28600DD1F2A /* FirebaseInAppMessagingSwift-Beta in Frameworks */ = {isa = PBXBuildFile; productRef = BF19505A2B4DD28600DD1F2A /* FirebaseInAppMessagingSwift-Beta */; };
		BF19505D2B4DD28600DD1F2A /* FirebaseInstallations in Frameworks */ = {isa = PBXBuildFile; productRef = BF19505C2B4DD28600DD1F2A /* FirebaseInstallations */; };
		BF19505F2B4DD28600DD1F2A /* FirebaseMLModelDownloader in Frameworks */ = {isa = PBXBuildFile; productRef = BF19505E2B4DD28600DD1F2A /* FirebaseMLModelDownloader */; };
		BF1950612B4DD28600DD1F2A /* FirebaseMessaging in Frameworks */ = {isa = PBXBuildFile; productRef = BF1950602B4DD28600DD1F2A /* FirebaseMessaging */; };
		BF1950632B4DD28600DD1F2A /* FirebasePerformance in Frameworks */ = {isa = PBXBuildFile; productRef = BF1950622B4DD28600DD1F2A /* FirebasePerformance */; };
		BF1950652B4DD28600DD1F2A /* FirebaseRemoteConfig in Frameworks */ = {isa = PBXBuildFile; productRef = BF1950642B4DD28600DD1F2A /* FirebaseRemoteConfig */; };
		BF1950672B4DD28600DD1F2A /* FirebaseRemoteConfigSwift in Frameworks */ = {isa = PBXBuildFile; productRef = BF1950662B4DD28600DD1F2A /* FirebaseRemoteConfigSwift */; };
		BF1950692B4DD28600DD1F2A /* FirebaseStorage in Frameworks */ = {isa = PBXBuildFile; productRef = BF1950682B4DD28600DD1F2A /* FirebaseStorage */; };
		BF19506B2B4DD28600DD1F2A /* FirebaseStorageCombine-Community in Frameworks */ = {isa = PBXBuildFile; productRef = BF19506A2B4DD28600DD1F2A /* FirebaseStorageCombine-Community */; };
		BF19506E2B4DD6C600DD1F2A /* AuthenticationView.swift in Sources */ = {isa = PBXBuildFile; fileRef = BF19506D2B4DD6C600DD1F2A /* AuthenticationView.swift */; };
		BF1950702B4DD87700DD1F2A /* GoogleService-Info.plist in Resources */ = {isa = PBXBuildFile; fileRef = BF19506F2B4DD87700DD1F2A /* GoogleService-Info.plist */; };
		BF1950732B4DD90D00DD1F2A /* GoogleSignIn in Frameworks */ = {isa = PBXBuildFile; productRef = BF1950722B4DD90D00DD1F2A /* GoogleSignIn */; };
		BF1950752B4DD90D00DD1F2A /* GoogleSignInSwift in Frameworks */ = {isa = PBXBuildFile; productRef = BF1950742B4DD90D00DD1F2A /* GoogleSignInSwift */; };
		BF1950792B4DDBB700DD1F2A /* Utilities.swift in Sources */ = {isa = PBXBuildFile; fileRef = BF1950782B4DDBB700DD1F2A /* Utilities.swift */; };
		BF19507C2B4DDD7500DD1F2A /* AuthenticationManager.swift in Sources */ = {isa = PBXBuildFile; fileRef = BF19507B2B4DDD7500DD1F2A /* AuthenticationManager.swift */; };
		BF19507E2B4DE43400DD1F2A /* SignInGoogleHelper.swift in Sources */ = {isa = PBXBuildFile; fileRef = BF19507D2B4DE43400DD1F2A /* SignInGoogleHelper.swift */; };
		BF1950812B4DF76700DD1F2A /* SignInAppleHelper.swift in Sources */ = {isa = PBXBuildFile; fileRef = BF1950802B4DF76700DD1F2A /* SignInAppleHelper.swift */; };
		BF555AFC2B53DC33008DD232 /* SettingView.swift in Sources */ = {isa = PBXBuildFile; fileRef = BF555AFB2B53DC33008DD232 /* SettingView.swift */; };
		BF555B002B566E48008DD232 /* SettingViewModel.swift in Sources */ = {isa = PBXBuildFile; fileRef = BF555AFF2B566E48008DD232 /* SettingViewModel.swift */; };
		BF555B022B566E66008DD232 /* AuthenticationViewModel.swift in Sources */ = {isa = PBXBuildFile; fileRef = BF555B012B566E66008DD232 /* AuthenticationViewModel.swift */; };
		BF555B052B566E9D008DD232 /* ProfileView.swift in Sources */ = {isa = PBXBuildFile; fileRef = BF555B042B566E9D008DD232 /* ProfileView.swift */; };
		BF555B082B567314008DD232 /* UserManager.swift in Sources */ = {isa = PBXBuildFile; fileRef = BF555B072B567314008DD232 /* UserManager.swift */; };
		BFBBBBAD2B68FAE30070E614 /* ProfileViewModel.swift in Sources */ = {isa = PBXBuildFile; fileRef = BFBBBBAC2B68FAE30070E614 /* ProfileViewModel.swift */; };
/* End PBXBuildFile section */

/* Begin PBXFileReference section */
		BF1950222B4DBCCC00DD1F2A /* Workhour.app */ = {isa = PBXFileReference; explicitFileType = wrapper.application; includeInIndex = 0; path = Workhour.app; sourceTree = BUILT_PRODUCTS_DIR; };
		BF1950252B4DBCCC00DD1F2A /* WorkhourApp.swift */ = {isa = PBXFileReference; lastKnownFileType = sourcecode.swift; path = WorkhourApp.swift; sourceTree = "<group>"; };
		BF1950272B4DBCCC00DD1F2A /* ContentView.swift */ = {isa = PBXFileReference; lastKnownFileType = sourcecode.swift; path = ContentView.swift; sourceTree = "<group>"; };
		BF1950292B4DBCCD00DD1F2A /* Assets.xcassets */ = {isa = PBXFileReference; lastKnownFileType = folder.assetcatalog; path = Assets.xcassets; sourceTree = "<group>"; };
		BF19502C2B4DBCCD00DD1F2A /* Preview Assets.xcassets */ = {isa = PBXFileReference; lastKnownFileType = folder.assetcatalog; path = "Preview Assets.xcassets"; sourceTree = "<group>"; };
		BF19506D2B4DD6C600DD1F2A /* AuthenticationView.swift */ = {isa = PBXFileReference; lastKnownFileType = sourcecode.swift; path = AuthenticationView.swift; sourceTree = "<group>"; };
		BF19506F2B4DD87700DD1F2A /* GoogleService-Info.plist */ = {isa = PBXFileReference; fileEncoding = 4; lastKnownFileType = text.plist.xml; path = "GoogleService-Info.plist"; sourceTree = "<group>"; };
		BF1950762B4DD95100DD1F2A /* Info.plist */ = {isa = PBXFileReference; lastKnownFileType = text.plist; path = Info.plist; sourceTree = "<group>"; };
		BF1950782B4DDBB700DD1F2A /* Utilities.swift */ = {isa = PBXFileReference; lastKnownFileType = sourcecode.swift; path = Utilities.swift; sourceTree = "<group>"; };
		BF19507B2B4DDD7500DD1F2A /* AuthenticationManager.swift */ = {isa = PBXFileReference; lastKnownFileType = sourcecode.swift; path = AuthenticationManager.swift; sourceTree = "<group>"; };
		BF19507D2B4DE43400DD1F2A /* SignInGoogleHelper.swift */ = {isa = PBXFileReference; lastKnownFileType = sourcecode.swift; path = SignInGoogleHelper.swift; sourceTree = "<group>"; };
		BF19507F2B4DEAC000DD1F2A /* Workhour.entitlements */ = {isa = PBXFileReference; lastKnownFileType = text.plist.entitlements; path = Workhour.entitlements; sourceTree = "<group>"; };
		BF1950802B4DF76700DD1F2A /* SignInAppleHelper.swift */ = {isa = PBXFileReference; lastKnownFileType = sourcecode.swift; path = SignInAppleHelper.swift; sourceTree = "<group>"; };
		BF555AFB2B53DC33008DD232 /* SettingView.swift */ = {isa = PBXFileReference; lastKnownFileType = sourcecode.swift; path = SettingView.swift; sourceTree = "<group>"; };
		BF555AFF2B566E48008DD232 /* SettingViewModel.swift */ = {isa = PBXFileReference; lastKnownFileType = sourcecode.swift; path = SettingViewModel.swift; sourceTree = "<group>"; };
		BF555B012B566E66008DD232 /* AuthenticationViewModel.swift */ = {isa = PBXFileReference; lastKnownFileType = sourcecode.swift; path = AuthenticationViewModel.swift; sourceTree = "<group>"; };
		BF555B042B566E9D008DD232 /* ProfileView.swift */ = {isa = PBXFileReference; lastKnownFileType = sourcecode.swift; path = ProfileView.swift; sourceTree = "<group>"; };
		BF555B072B567314008DD232 /* UserManager.swift */ = {isa = PBXFileReference; lastKnownFileType = sourcecode.swift; path = UserManager.swift; sourceTree = "<group>"; };
		BFBBBBAC2B68FAE30070E614 /* ProfileViewModel.swift */ = {isa = PBXFileReference; lastKnownFileType = sourcecode.swift; path = ProfileViewModel.swift; sourceTree = "<group>"; };
/* End PBXFileReference section */

/* Begin PBXFrameworksBuildPhase section */
		BF19501F2B4DBCCC00DD1F2A /* Frameworks */ = {
			isa = PBXFrameworksBuildPhase;
			buildActionMask = 2147483647;
			files = (
				BF1950492B4DD28600DD1F2A /* FirebaseDatabase in Frameworks */,
				BF1950572B4DD28600DD1F2A /* FirebaseFunctionsCombine-Community in Frameworks */,
				BF19504F2B4DD28600DD1F2A /* FirebaseFirestore in Frameworks */,
				BF19503B2B4DD28600DD1F2A /* FirebaseAnalyticsSwift in Frameworks */,
				BF1950372B4DD28600DD1F2A /* FirebaseAnalytics in Frameworks */,
				BF1950392B4DD28600DD1F2A /* FirebaseAnalyticsOnDeviceConversion in Frameworks */,
				BF19505F2B4DD28600DD1F2A /* FirebaseMLModelDownloader in Frameworks */,
				BF1950752B4DD90D00DD1F2A /* GoogleSignInSwift in Frameworks */,
				BF1950532B4DD28600DD1F2A /* FirebaseFirestoreSwift in Frameworks */,
				BF19503F2B4DD28600DD1F2A /* FirebaseAppCheck in Frameworks */,
				BF19503D2B4DD28600DD1F2A /* FirebaseAnalyticsWithoutAdIdSupport in Frameworks */,
				BF1950432B4DD28600DD1F2A /* FirebaseAuth in Frameworks */,
				BF1950472B4DD28600DD1F2A /* FirebaseCrashlytics in Frameworks */,
				BF1950672B4DD28600DD1F2A /* FirebaseRemoteConfigSwift in Frameworks */,
				BF1950732B4DD90D00DD1F2A /* GoogleSignIn in Frameworks */,
				BF1950592B4DD28600DD1F2A /* FirebaseInAppMessaging-Beta in Frameworks */,
				BF19504B2B4DD28600DD1F2A /* FirebaseDatabaseSwift in Frameworks */,
				BF1950552B4DD28600DD1F2A /* FirebaseFunctions in Frameworks */,
				BF19506B2B4DD28600DD1F2A /* FirebaseStorageCombine-Community in Frameworks */,
				BF1950652B4DD28600DD1F2A /* FirebaseRemoteConfig in Frameworks */,
				BF1950412B4DD28600DD1F2A /* FirebaseAppDistribution-Beta in Frameworks */,
				BF1950452B4DD28600DD1F2A /* FirebaseAuthCombine-Community in Frameworks */,
				BF1950632B4DD28600DD1F2A /* FirebasePerformance in Frameworks */,
				BF19505B2B4DD28600DD1F2A /* FirebaseInAppMessagingSwift-Beta in Frameworks */,
				BF1950692B4DD28600DD1F2A /* FirebaseStorage in Frameworks */,
				BF19504D2B4DD28600DD1F2A /* FirebaseDynamicLinks in Frameworks */,
				BF1950512B4DD28600DD1F2A /* FirebaseFirestoreCombine-Community in Frameworks */,
				BF1950612B4DD28600DD1F2A /* FirebaseMessaging in Frameworks */,
				BF19505D2B4DD28600DD1F2A /* FirebaseInstallations in Frameworks */,
			);
			runOnlyForDeploymentPostprocessing = 0;
		};
/* End PBXFrameworksBuildPhase section */

/* Begin PBXGroup section */
		BF1950192B4DBCCC00DD1F2A = {
			isa = PBXGroup;
			children = (
				BF1950242B4DBCCC00DD1F2A /* Workhour */,
				BF1950232B4DBCCC00DD1F2A /* Products */,
			);
			sourceTree = "<group>";
		};
		BF1950232B4DBCCC00DD1F2A /* Products */ = {
			isa = PBXGroup;
			children = (
				BF1950222B4DBCCC00DD1F2A /* Workhour.app */,
			);
			name = Products;
			sourceTree = "<group>";
		};
		BF1950242B4DBCCC00DD1F2A /* Workhour */ = {
			isa = PBXGroup;
			children = (
				BF19507F2B4DEAC000DD1F2A /* Workhour.entitlements */,
				BF1950252B4DBCCC00DD1F2A /* WorkhourApp.swift */,
				BF555B062B567305008DD232 /* Firestore */,
				BF555AFD2B566DF7008DD232 /* Core */,
				BF19507A2B4DDD6700DD1F2A /* AuthManager */,
				BF1950772B4DDBAC00DD1F2A /* Utilities */,
				BF1950292B4DBCCD00DD1F2A /* Assets.xcassets */,
				BF19506F2B4DD87700DD1F2A /* GoogleService-Info.plist */,
				BF1950762B4DD95100DD1F2A /* Info.plist */,
				BF19502B2B4DBCCD00DD1F2A /* Preview Content */,
			);
			path = Workhour;
			sourceTree = "<group>";
		};
		BF19502B2B4DBCCD00DD1F2A /* Preview Content */ = {
			isa = PBXGroup;
			children = (
				BF19502C2B4DBCCD00DD1F2A /* Preview Assets.xcassets */,
			);
			path = "Preview Content";
			sourceTree = "<group>";
		};
		BF19506C2B4DD6B100DD1F2A /* Authentication */ = {
			isa = PBXGroup;
			children = (
				BF19506D2B4DD6C600DD1F2A /* AuthenticationView.swift */,
				BF555B012B566E66008DD232 /* AuthenticationViewModel.swift */,
			);
			path = Authentication;
			sourceTree = "<group>";
		};
		BF1950772B4DDBAC00DD1F2A /* Utilities */ = {
			isa = PBXGroup;
			children = (
				BF1950782B4DDBB700DD1F2A /* Utilities.swift */,
			);
			path = Utilities;
			sourceTree = "<group>";
		};
		BF19507A2B4DDD6700DD1F2A /* AuthManager */ = {
			isa = PBXGroup;
			children = (
				BF19507B2B4DDD7500DD1F2A /* AuthenticationManager.swift */,
				BF19507D2B4DE43400DD1F2A /* SignInGoogleHelper.swift */,
				BF1950802B4DF76700DD1F2A /* SignInAppleHelper.swift */,
			);
			path = AuthManager;
			sourceTree = "<group>";
		};
		BF555AFD2B566DF7008DD232 /* Core */ = {
			isa = PBXGroup;
			children = (
				BF1950272B4DBCCC00DD1F2A /* ContentView.swift */,
				BF555B032B566E95008DD232 /* Profile */,
				BF555AFE2B566E28008DD232 /* Settings */,
				BF19506C2B4DD6B100DD1F2A /* Authentication */,
			);
			path = Core;
			sourceTree = "<group>";
		};
		BF555AFE2B566E28008DD232 /* Settings */ = {
			isa = PBXGroup;
			children = (
				BF555AFB2B53DC33008DD232 /* SettingView.swift */,
				BF555AFF2B566E48008DD232 /* SettingViewModel.swift */,
			);
			path = Settings;
			sourceTree = "<group>";
		};
		BF555B032B566E95008DD232 /* Profile */ = {
			isa = PBXGroup;
			children = (
				BF555B042B566E9D008DD232 /* ProfileView.swift */,
				BFBBBBAC2B68FAE30070E614 /* ProfileViewModel.swift */,
			);
			path = Profile;
			sourceTree = "<group>";
		};
		BF555B062B567305008DD232 /* Firestore */ = {
			isa = PBXGroup;
			children = (
				BF555B072B567314008DD232 /* UserManager.swift */,
			);
			path = Firestore;
			sourceTree = "<group>";
		};
/* End PBXGroup section */

/* Begin PBXNativeTarget section */
		BF1950212B4DBCCC00DD1F2A /* Workhour */ = {
			isa = PBXNativeTarget;
			buildConfigurationList = BF1950302B4DBCCD00DD1F2A /* Build configuration list for PBXNativeTarget "Workhour" */;
			buildPhases = (
				BF19501E2B4DBCCC00DD1F2A /* Sources */,
				BF19501F2B4DBCCC00DD1F2A /* Frameworks */,
				BF1950202B4DBCCC00DD1F2A /* Resources */,
			);
			buildRules = (
			);
			dependencies = (
			);
			name = Workhour;
			packageProductDependencies = (
				BF1950362B4DD28600DD1F2A /* FirebaseAnalytics */,
				BF1950382B4DD28600DD1F2A /* FirebaseAnalyticsOnDeviceConversion */,
				BF19503A2B4DD28600DD1F2A /* FirebaseAnalyticsSwift */,
				BF19503C2B4DD28600DD1F2A /* FirebaseAnalyticsWithoutAdIdSupport */,
				BF19503E2B4DD28600DD1F2A /* FirebaseAppCheck */,
				BF1950402B4DD28600DD1F2A /* FirebaseAppDistribution-Beta */,
				BF1950422B4DD28600DD1F2A /* FirebaseAuth */,
				BF1950442B4DD28600DD1F2A /* FirebaseAuthCombine-Community */,
				BF1950462B4DD28600DD1F2A /* FirebaseCrashlytics */,
				BF1950482B4DD28600DD1F2A /* FirebaseDatabase */,
				BF19504A2B4DD28600DD1F2A /* FirebaseDatabaseSwift */,
				BF19504C2B4DD28600DD1F2A /* FirebaseDynamicLinks */,
				BF19504E2B4DD28600DD1F2A /* FirebaseFirestore */,
				BF1950502B4DD28600DD1F2A /* FirebaseFirestoreCombine-Community */,
				BF1950522B4DD28600DD1F2A /* FirebaseFirestoreSwift */,
				BF1950542B4DD28600DD1F2A /* FirebaseFunctions */,
				BF1950562B4DD28600DD1F2A /* FirebaseFunctionsCombine-Community */,
				BF1950582B4DD28600DD1F2A /* FirebaseInAppMessaging-Beta */,
				BF19505A2B4DD28600DD1F2A /* FirebaseInAppMessagingSwift-Beta */,
				BF19505C2B4DD28600DD1F2A /* FirebaseInstallations */,
				BF19505E2B4DD28600DD1F2A /* FirebaseMLModelDownloader */,
				BF1950602B4DD28600DD1F2A /* FirebaseMessaging */,
				BF1950622B4DD28600DD1F2A /* FirebasePerformance */,
				BF1950642B4DD28600DD1F2A /* FirebaseRemoteConfig */,
				BF1950662B4DD28600DD1F2A /* FirebaseRemoteConfigSwift */,
				BF1950682B4DD28600DD1F2A /* FirebaseStorage */,
				BF19506A2B4DD28600DD1F2A /* FirebaseStorageCombine-Community */,
				BF1950722B4DD90D00DD1F2A /* GoogleSignIn */,
				BF1950742B4DD90D00DD1F2A /* GoogleSignInSwift */,
			);
			productName = Workhour;
			productReference = BF1950222B4DBCCC00DD1F2A /* Workhour.app */;
			productType = "com.apple.product-type.application";
		};
/* End PBXNativeTarget section */

/* Begin PBXProject section */
		BF19501A2B4DBCCC00DD1F2A /* Project object */ = {
			isa = PBXProject;
			attributes = {
				BuildIndependentTargetsInParallel = 1;
				LastSwiftUpdateCheck = 1510;
				LastUpgradeCheck = 1510;
				TargetAttributes = {
					BF1950212B4DBCCC00DD1F2A = {
						CreatedOnToolsVersion = 15.1;
					};
				};
			};
			buildConfigurationList = BF19501D2B4DBCCC00DD1F2A /* Build configuration list for PBXProject "Workhour" */;
			compatibilityVersion = "Xcode 14.0";
			developmentRegion = en;
			hasScannedForEncodings = 0;
			knownRegions = (
				en,
				Base,
			);
			mainGroup = BF1950192B4DBCCC00DD1F2A;
			packageReferences = (
				BF1950352B4DD28600DD1F2A /* XCRemoteSwiftPackageReference "firebase-ios-sdk" */,
				BF1950712B4DD90D00DD1F2A /* XCRemoteSwiftPackageReference "GoogleSignIn-iOS" */,
			);
			productRefGroup = BF1950232B4DBCCC00DD1F2A /* Products */;
			projectDirPath = "";
			projectRoot = "";
			targets = (
				BF1950212B4DBCCC00DD1F2A /* Workhour */,
			);
		};
/* End PBXProject section */

/* Begin PBXResourcesBuildPhase section */
		BF1950202B4DBCCC00DD1F2A /* Resources */ = {
			isa = PBXResourcesBuildPhase;
			buildActionMask = 2147483647;
			files = (
				BF19502D2B4DBCCD00DD1F2A /* Preview Assets.xcassets in Resources */,
				BF1950702B4DD87700DD1F2A /* GoogleService-Info.plist in Resources */,
				BF19502A2B4DBCCD00DD1F2A /* Assets.xcassets in Resources */,
			);
			runOnlyForDeploymentPostprocessing = 0;
		};
/* End PBXResourcesBuildPhase section */

/* Begin PBXSourcesBuildPhase section */
		BF19501E2B4DBCCC00DD1F2A /* Sources */ = {
			isa = PBXSourcesBuildPhase;
			buildActionMask = 2147483647;
			files = (
				BF1950282B4DBCCC00DD1F2A /* ContentView.swift in Sources */,
				BF1950262B4DBCCC00DD1F2A /* WorkhourApp.swift in Sources */,
				BF1950792B4DDBB700DD1F2A /* Utilities.swift in Sources */,
				BF19507C2B4DDD7500DD1F2A /* AuthenticationManager.swift in Sources */,
				BF1950812B4DF76700DD1F2A /* SignInAppleHelper.swift in Sources */,
				BF555AFC2B53DC33008DD232 /* SettingView.swift in Sources */,
				BF555B082B567314008DD232 /* UserManager.swift in Sources */,
				BF555B022B566E66008DD232 /* AuthenticationViewModel.swift in Sources */,
				BF19507E2B4DE43400DD1F2A /* SignInGoogleHelper.swift in Sources */,
				BF555B002B566E48008DD232 /* SettingViewModel.swift in Sources */,
				BFBBBBAD2B68FAE30070E614 /* ProfileViewModel.swift in Sources */,
				BF555B052B566E9D008DD232 /* ProfileView.swift in Sources */,
				BF19506E2B4DD6C600DD1F2A /* AuthenticationView.swift in Sources */,
			);
			runOnlyForDeploymentPostprocessing = 0;
		};
/* End PBXSourcesBuildPhase section */

/* Begin XCBuildConfiguration section */
		BF19502E2B4DBCCD00DD1F2A /* Debug */ = {
			isa = XCBuildConfiguration;
			buildSettings = {
				ALWAYS_SEARCH_USER_PATHS = NO;
				ASSETCATALOG_COMPILER_GENERATE_SWIFT_ASSET_SYMBOL_EXTENSIONS = YES;
				CLANG_ANALYZER_NONNULL = YES;
				CLANG_ANALYZER_NUMBER_OBJECT_CONVERSION = YES_AGGRESSIVE;
				CLANG_CXX_LANGUAGE_STANDARD = "gnu++20";
				CLANG_ENABLE_MODULES = YES;
				CLANG_ENABLE_OBJC_ARC = YES;
				CLANG_ENABLE_OBJC_WEAK = YES;
				CLANG_WARN_BLOCK_CAPTURE_AUTORELEASING = YES;
				CLANG_WARN_BOOL_CONVERSION = YES;
				CLANG_WARN_COMMA = YES;
				CLANG_WARN_CONSTANT_CONVERSION = YES;
				CLANG_WARN_DEPRECATED_OBJC_IMPLEMENTATIONS = YES;
				CLANG_WARN_DIRECT_OBJC_ISA_USAGE = YES_ERROR;
				CLANG_WARN_DOCUMENTATION_COMMENTS = YES;
				CLANG_WARN_EMPTY_BODY = YES;
				CLANG_WARN_ENUM_CONVERSION = YES;
				CLANG_WARN_INFINITE_RECURSION = YES;
				CLANG_WARN_INT_CONVERSION = YES;
				CLANG_WARN_NON_LITERAL_NULL_CONVERSION = YES;
				CLANG_WARN_OBJC_IMPLICIT_RETAIN_SELF = YES;
				CLANG_WARN_OBJC_LITERAL_CONVERSION = YES;
				CLANG_WARN_OBJC_ROOT_CLASS = YES_ERROR;
				CLANG_WARN_QUOTED_INCLUDE_IN_FRAMEWORK_HEADER = YES;
				CLANG_WARN_RANGE_LOOP_ANALYSIS = YES;
				CLANG_WARN_STRICT_PROTOTYPES = YES;
				CLANG_WARN_SUSPICIOUS_MOVE = YES;
				CLANG_WARN_UNGUARDED_AVAILABILITY = YES_AGGRESSIVE;
				CLANG_WARN_UNREACHABLE_CODE = YES;
				CLANG_WARN__DUPLICATE_METHOD_MATCH = YES;
				COPY_PHASE_STRIP = NO;
				DEBUG_INFORMATION_FORMAT = dwarf;
				ENABLE_STRICT_OBJC_MSGSEND = YES;
				ENABLE_TESTABILITY = YES;
				ENABLE_USER_SCRIPT_SANDBOXING = YES;
				GCC_C_LANGUAGE_STANDARD = gnu17;
				GCC_DYNAMIC_NO_PIC = NO;
				GCC_NO_COMMON_BLOCKS = YES;
				GCC_OPTIMIZATION_LEVEL = 0;
				GCC_PREPROCESSOR_DEFINITIONS = (
					"DEBUG=1",
					"$(inherited)",
				);
				GCC_WARN_64_TO_32_BIT_CONVERSION = YES;
				GCC_WARN_ABOUT_RETURN_TYPE = YES_ERROR;
				GCC_WARN_UNDECLARED_SELECTOR = YES;
				GCC_WARN_UNINITIALIZED_AUTOS = YES_AGGRESSIVE;
				GCC_WARN_UNUSED_FUNCTION = YES;
				GCC_WARN_UNUSED_VARIABLE = YES;
				IPHONEOS_DEPLOYMENT_TARGET = 17.2;
				LOCALIZATION_PREFERS_STRING_CATALOGS = YES;
				MTL_ENABLE_DEBUG_INFO = INCLUDE_SOURCE;
				MTL_FAST_MATH = YES;
				ONLY_ACTIVE_ARCH = YES;
				SDKROOT = iphoneos;
				SWIFT_ACTIVE_COMPILATION_CONDITIONS = "DEBUG $(inherited)";
				SWIFT_OPTIMIZATION_LEVEL = "-Onone";
			};
			name = Debug;
		};
		BF19502F2B4DBCCD00DD1F2A /* Release */ = {
			isa = XCBuildConfiguration;
			buildSettings = {
				ALWAYS_SEARCH_USER_PATHS = NO;
				ASSETCATALOG_COMPILER_GENERATE_SWIFT_ASSET_SYMBOL_EXTENSIONS = YES;
				CLANG_ANALYZER_NONNULL = YES;
				CLANG_ANALYZER_NUMBER_OBJECT_CONVERSION = YES_AGGRESSIVE;
				CLANG_CXX_LANGUAGE_STANDARD = "gnu++20";
				CLANG_ENABLE_MODULES = YES;
				CLANG_ENABLE_OBJC_ARC = YES;
				CLANG_ENABLE_OBJC_WEAK = YES;
				CLANG_WARN_BLOCK_CAPTURE_AUTORELEASING = YES;
				CLANG_WARN_BOOL_CONVERSION = YES;
				CLANG_WARN_COMMA = YES;
				CLANG_WARN_CONSTANT_CONVERSION = YES;
				CLANG_WARN_DEPRECATED_OBJC_IMPLEMENTATIONS = YES;
				CLANG_WARN_DIRECT_OBJC_ISA_USAGE = YES_ERROR;
				CLANG_WARN_DOCUMENTATION_COMMENTS = YES;
				CLANG_WARN_EMPTY_BODY = YES;
				CLANG_WARN_ENUM_CONVERSION = YES;
				CLANG_WARN_INFINITE_RECURSION = YES;
				CLANG_WARN_INT_CONVERSION = YES;
				CLANG_WARN_NON_LITERAL_NULL_CONVERSION = YES;
				CLANG_WARN_OBJC_IMPLICIT_RETAIN_SELF = YES;
				CLANG_WARN_OBJC_LITERAL_CONVERSION = YES;
				CLANG_WARN_OBJC_ROOT_CLASS = YES_ERROR;
				CLANG_WARN_QUOTED_INCLUDE_IN_FRAMEWORK_HEADER = YES;
				CLANG_WARN_RANGE_LOOP_ANALYSIS = YES;
				CLANG_WARN_STRICT_PROTOTYPES = YES;
				CLANG_WARN_SUSPICIOUS_MOVE = YES;
				CLANG_WARN_UNGUARDED_AVAILABILITY = YES_AGGRESSIVE;
				CLANG_WARN_UNREACHABLE_CODE = YES;
				CLANG_WARN__DUPLICATE_METHOD_MATCH = YES;
				COPY_PHASE_STRIP = NO;
				DEBUG_INFORMATION_FORMAT = "dwarf-with-dsym";
				ENABLE_NS_ASSERTIONS = NO;
				ENABLE_STRICT_OBJC_MSGSEND = YES;
				ENABLE_USER_SCRIPT_SANDBOXING = YES;
				GCC_C_LANGUAGE_STANDARD = gnu17;
				GCC_NO_COMMON_BLOCKS = YES;
				GCC_WARN_64_TO_32_BIT_CONVERSION = YES;
				GCC_WARN_ABOUT_RETURN_TYPE = YES_ERROR;
				GCC_WARN_UNDECLARED_SELECTOR = YES;
				GCC_WARN_UNINITIALIZED_AUTOS = YES_AGGRESSIVE;
				GCC_WARN_UNUSED_FUNCTION = YES;
				GCC_WARN_UNUSED_VARIABLE = YES;
				IPHONEOS_DEPLOYMENT_TARGET = 17.2;
				LOCALIZATION_PREFERS_STRING_CATALOGS = YES;
				MTL_ENABLE_DEBUG_INFO = NO;
				MTL_FAST_MATH = YES;
				SDKROOT = iphoneos;
				SWIFT_COMPILATION_MODE = wholemodule;
				VALIDATE_PRODUCT = YES;
			};
			name = Release;
		};
		BF1950312B4DBCCD00DD1F2A /* Debug */ = {
			isa = XCBuildConfiguration;
			buildSettings = {
				ASSETCATALOG_COMPILER_APPICON_NAME = AppIcon;
				ASSETCATALOG_COMPILER_GLOBAL_ACCENT_COLOR_NAME = AccentColor;
				CODE_SIGN_ENTITLEMENTS = Workhour/Workhour.entitlements;
				CODE_SIGN_STYLE = Automatic;
				CURRENT_PROJECT_VERSION = 1;
				DEVELOPMENT_ASSET_PATHS = "\"Workhour/Preview Content\"";
				DEVELOPMENT_TEAM = L8QX5LU28U;
				ENABLE_PREVIEWS = YES;
				GENERATE_INFOPLIST_FILE = YES;
				INFOPLIST_FILE = Workhour/Info.plist;
				INFOPLIST_KEY_UIApplicationSceneManifest_Generation = YES;
				INFOPLIST_KEY_UIApplicationSupportsIndirectInputEvents = YES;
				INFOPLIST_KEY_UILaunchScreen_Generation = YES;
				INFOPLIST_KEY_UISupportedInterfaceOrientations_iPad = "UIInterfaceOrientationPortrait UIInterfaceOrientationPortraitUpsideDown UIInterfaceOrientationLandscapeLeft UIInterfaceOrientationLandscapeRight";
				INFOPLIST_KEY_UISupportedInterfaceOrientations_iPhone = "UIInterfaceOrientationPortrait UIInterfaceOrientationLandscapeLeft UIInterfaceOrientationLandscapeRight";
				IPHONEOS_DEPLOYMENT_TARGET = 17.0;
				LD_RUNPATH_SEARCH_PATHS = (
					"$(inherited)",
					"@executable_path/Frameworks",
				);
				MARKETING_VERSION = 1.0;
				PRODUCT_BUNDLE_IDENTIFIER = com.outlook.junhyuk.lim.Workhour;
				PRODUCT_NAME = "$(TARGET_NAME)";
				SUPPORTED_PLATFORMS = "iphoneos iphonesimulator";
				SUPPORTS_MACCATALYST = NO;
				SUPPORTS_MAC_DESIGNED_FOR_IPHONE_IPAD = NO;
				SUPPORTS_XR_DESIGNED_FOR_IPHONE_IPAD = NO;
				SWIFT_EMIT_LOC_STRINGS = YES;
				SWIFT_VERSION = 5.0;
				TARGETED_DEVICE_FAMILY = 1;
			};
			name = Debug;
		};
		BF1950322B4DBCCD00DD1F2A /* Release */ = {
			isa = XCBuildConfiguration;
			buildSettings = {
				ASSETCATALOG_COMPILER_APPICON_NAME = AppIcon;
				ASSETCATALOG_COMPILER_GLOBAL_ACCENT_COLOR_NAME = AccentColor;
				CODE_SIGN_ENTITLEMENTS = Workhour/Workhour.entitlements;
				CODE_SIGN_STYLE = Automatic;
				CURRENT_PROJECT_VERSION = 1;
				DEVELOPMENT_ASSET_PATHS = "\"Workhour/Preview Content\"";
				DEVELOPMENT_TEAM = L8QX5LU28U;
				ENABLE_PREVIEWS = YES;
				GENERATE_INFOPLIST_FILE = YES;
				INFOPLIST_FILE = Workhour/Info.plist;
				INFOPLIST_KEY_UIApplicationSceneManifest_Generation = YES;
				INFOPLIST_KEY_UIApplicationSupportsIndirectInputEvents = YES;
				INFOPLIST_KEY_UILaunchScreen_Generation = YES;
				INFOPLIST_KEY_UISupportedInterfaceOrientations_iPad = "UIInterfaceOrientationPortrait UIInterfaceOrientationPortraitUpsideDown UIInterfaceOrientationLandscapeLeft UIInterfaceOrientationLandscapeRight";
				INFOPLIST_KEY_UISupportedInterfaceOrientations_iPhone = "UIInterfaceOrientationPortrait UIInterfaceOrientationLandscapeLeft UIInterfaceOrientationLandscapeRight";
				IPHONEOS_DEPLOYMENT_TARGET = 17.0;
				LD_RUNPATH_SEARCH_PATHS = (
					"$(inherited)",
					"@executable_path/Frameworks",
				);
				MARKETING_VERSION = 1.0;
				PRODUCT_BUNDLE_IDENTIFIER = com.outlook.junhyuk.lim.Workhour;
				PRODUCT_NAME = "$(TARGET_NAME)";
				SUPPORTED_PLATFORMS = "iphoneos iphonesimulator";
				SUPPORTS_MACCATALYST = NO;
				SUPPORTS_MAC_DESIGNED_FOR_IPHONE_IPAD = NO;
				SUPPORTS_XR_DESIGNED_FOR_IPHONE_IPAD = NO;
				SWIFT_EMIT_LOC_STRINGS = YES;
				SWIFT_VERSION = 5.0;
				TARGETED_DEVICE_FAMILY = 1;
			};
			name = Release;
		};
/* End XCBuildConfiguration section */

/* Begin XCConfigurationList section */
		BF19501D2B4DBCCC00DD1F2A /* Build configuration list for PBXProject "Workhour" */ = {
			isa = XCConfigurationList;
			buildConfigurations = (
				BF19502E2B4DBCCD00DD1F2A /* Debug */,
				BF19502F2B4DBCCD00DD1F2A /* Release */,
			);
			defaultConfigurationIsVisible = 0;
			defaultConfigurationName = Release;
		};
		BF1950302B4DBCCD00DD1F2A /* Build configuration list for PBXNativeTarget "Workhour" */ = {
			isa = XCConfigurationList;
			buildConfigurations = (
				BF1950312B4DBCCD00DD1F2A /* Debug */,
				BF1950322B4DBCCD00DD1F2A /* Release */,
			);
			defaultConfigurationIsVisible = 0;
			defaultConfigurationName = Release;
		};
/* End XCConfigurationList section */

/* Begin XCRemoteSwiftPackageReference section */
		BF1950352B4DD28600DD1F2A /* XCRemoteSwiftPackageReference "firebase-ios-sdk" */ = {
			isa = XCRemoteSwiftPackageReference;
			repositoryURL = "https://github.com/firebase/firebase-ios-sdk.git";
			requirement = {
				kind = upToNextMajorVersion;
				minimumVersion = 10.19.1;
			};
		};
		BF1950712B4DD90D00DD1F2A /* XCRemoteSwiftPackageReference "GoogleSignIn-iOS" */ = {
			isa = XCRemoteSwiftPackageReference;
			repositoryURL = "https://github.com/google/GoogleSignIn-iOS";
			requirement = {
				kind = upToNextMajorVersion;
				minimumVersion = 7.0.0;
			};
		};
/* End XCRemoteSwiftPackageReference section */

/* Begin XCSwiftPackageProductDependency section */
		BF1950362B4DD28600DD1F2A /* FirebaseAnalytics */ = {
			isa = XCSwiftPackageProductDependency;
			package = BF1950352B4DD28600DD1F2A /* XCRemoteSwiftPackageReference "firebase-ios-sdk" */;
			productName = FirebaseAnalytics;
		};
		BF1950382B4DD28600DD1F2A /* FirebaseAnalyticsOnDeviceConversion */ = {
			isa = XCSwiftPackageProductDependency;
			package = BF1950352B4DD28600DD1F2A /* XCRemoteSwiftPackageReference "firebase-ios-sdk" */;
			productName = FirebaseAnalyticsOnDeviceConversion;
		};
		BF19503A2B4DD28600DD1F2A /* FirebaseAnalyticsSwift */ = {
			isa = XCSwiftPackageProductDependency;
			package = BF1950352B4DD28600DD1F2A /* XCRemoteSwiftPackageReference "firebase-ios-sdk" */;
			productName = FirebaseAnalyticsSwift;
		};
		BF19503C2B4DD28600DD1F2A /* FirebaseAnalyticsWithoutAdIdSupport */ = {
			isa = XCSwiftPackageProductDependency;
			package = BF1950352B4DD28600DD1F2A /* XCRemoteSwiftPackageReference "firebase-ios-sdk" */;
			productName = FirebaseAnalyticsWithoutAdIdSupport;
		};
		BF19503E2B4DD28600DD1F2A /* FirebaseAppCheck */ = {
			isa = XCSwiftPackageProductDependency;
			package = BF1950352B4DD28600DD1F2A /* XCRemoteSwiftPackageReference "firebase-ios-sdk" */;
			productName = FirebaseAppCheck;
		};
		BF1950402B4DD28600DD1F2A /* FirebaseAppDistribution-Beta */ = {
			isa = XCSwiftPackageProductDependency;
			package = BF1950352B4DD28600DD1F2A /* XCRemoteSwiftPackageReference "firebase-ios-sdk" */;
			productName = "FirebaseAppDistribution-Beta";
		};
		BF1950422B4DD28600DD1F2A /* FirebaseAuth */ = {
			isa = XCSwiftPackageProductDependency;
			package = BF1950352B4DD28600DD1F2A /* XCRemoteSwiftPackageReference "firebase-ios-sdk" */;
			productName = FirebaseAuth;
		};
		BF1950442B4DD28600DD1F2A /* FirebaseAuthCombine-Community */ = {
			isa = XCSwiftPackageProductDependency;
			package = BF1950352B4DD28600DD1F2A /* XCRemoteSwiftPackageReference "firebase-ios-sdk" */;
			productName = "FirebaseAuthCombine-Community";
		};
		BF1950462B4DD28600DD1F2A /* FirebaseCrashlytics */ = {
			isa = XCSwiftPackageProductDependency;
			package = BF1950352B4DD28600DD1F2A /* XCRemoteSwiftPackageReference "firebase-ios-sdk" */;
			productName = FirebaseCrashlytics;
		};
		BF1950482B4DD28600DD1F2A /* FirebaseDatabase */ = {
			isa = XCSwiftPackageProductDependency;
			package = BF1950352B4DD28600DD1F2A /* XCRemoteSwiftPackageReference "firebase-ios-sdk" */;
			productName = FirebaseDatabase;
		};
		BF19504A2B4DD28600DD1F2A /* FirebaseDatabaseSwift */ = {
			isa = XCSwiftPackageProductDependency;
			package = BF1950352B4DD28600DD1F2A /* XCRemoteSwiftPackageReference "firebase-ios-sdk" */;
			productName = FirebaseDatabaseSwift;
		};
		BF19504C2B4DD28600DD1F2A /* FirebaseDynamicLinks */ = {
			isa = XCSwiftPackageProductDependency;
			package = BF1950352B4DD28600DD1F2A /* XCRemoteSwiftPackageReference "firebase-ios-sdk" */;
			productName = FirebaseDynamicLinks;
		};
		BF19504E2B4DD28600DD1F2A /* FirebaseFirestore */ = {
			isa = XCSwiftPackageProductDependency;
			package = BF1950352B4DD28600DD1F2A /* XCRemoteSwiftPackageReference "firebase-ios-sdk" */;
			productName = FirebaseFirestore;
		};
		BF1950502B4DD28600DD1F2A /* FirebaseFirestoreCombine-Community */ = {
			isa = XCSwiftPackageProductDependency;
			package = BF1950352B4DD28600DD1F2A /* XCRemoteSwiftPackageReference "firebase-ios-sdk" */;
			productName = "FirebaseFirestoreCombine-Community";
		};
		BF1950522B4DD28600DD1F2A /* FirebaseFirestoreSwift */ = {
			isa = XCSwiftPackageProductDependency;
			package = BF1950352B4DD28600DD1F2A /* XCRemoteSwiftPackageReference "firebase-ios-sdk" */;
			productName = FirebaseFirestoreSwift;
		};
		BF1950542B4DD28600DD1F2A /* FirebaseFunctions */ = {
			isa = XCSwiftPackageProductDependency;
			package = BF1950352B4DD28600DD1F2A /* XCRemoteSwiftPackageReference "firebase-ios-sdk" */;
			productName = FirebaseFunctions;
		};
		BF1950562B4DD28600DD1F2A /* FirebaseFunctionsCombine-Community */ = {
			isa = XCSwiftPackageProductDependency;
			package = BF1950352B4DD28600DD1F2A /* XCRemoteSwiftPackageReference "firebase-ios-sdk" */;
			productName = "FirebaseFunctionsCombine-Community";
		};
		BF1950582B4DD28600DD1F2A /* FirebaseInAppMessaging-Beta */ = {
			isa = XCSwiftPackageProductDependency;
			package = BF1950352B4DD28600DD1F2A /* XCRemoteSwiftPackageReference "firebase-ios-sdk" */;
			productName = "FirebaseInAppMessaging-Beta";
		};
		BF19505A2B4DD28600DD1F2A /* FirebaseInAppMessagingSwift-Beta */ = {
			isa = XCSwiftPackageProductDependency;
			package = BF1950352B4DD28600DD1F2A /* XCRemoteSwiftPackageReference "firebase-ios-sdk" */;
			productName = "FirebaseInAppMessagingSwift-Beta";
		};
		BF19505C2B4DD28600DD1F2A /* FirebaseInstallations */ = {
			isa = XCSwiftPackageProductDependency;
			package = BF1950352B4DD28600DD1F2A /* XCRemoteSwiftPackageReference "firebase-ios-sdk" */;
			productName = FirebaseInstallations;
		};
		BF19505E2B4DD28600DD1F2A /* FirebaseMLModelDownloader */ = {
			isa = XCSwiftPackageProductDependency;
			package = BF1950352B4DD28600DD1F2A /* XCRemoteSwiftPackageReference "firebase-ios-sdk" */;
			productName = FirebaseMLModelDownloader;
		};
		BF1950602B4DD28600DD1F2A /* FirebaseMessaging */ = {
			isa = XCSwiftPackageProductDependency;
			package = BF1950352B4DD28600DD1F2A /* XCRemoteSwiftPackageReference "firebase-ios-sdk" */;
			productName = FirebaseMessaging;
		};
		BF1950622B4DD28600DD1F2A /* FirebasePerformance */ = {
			isa = XCSwiftPackageProductDependency;
			package = BF1950352B4DD28600DD1F2A /* XCRemoteSwiftPackageReference "firebase-ios-sdk" */;
			productName = FirebasePerformance;
		};
		BF1950642B4DD28600DD1F2A /* FirebaseRemoteConfig */ = {
			isa = XCSwiftPackageProductDependency;
			package = BF1950352B4DD28600DD1F2A /* XCRemoteSwiftPackageReference "firebase-ios-sdk" */;
			productName = FirebaseRemoteConfig;
		};
		BF1950662B4DD28600DD1F2A /* FirebaseRemoteConfigSwift */ = {
			isa = XCSwiftPackageProductDependency;
			package = BF1950352B4DD28600DD1F2A /* XCRemoteSwiftPackageReference "firebase-ios-sdk" */;
			productName = FirebaseRemoteConfigSwift;
		};
		BF1950682B4DD28600DD1F2A /* FirebaseStorage */ = {
			isa = XCSwiftPackageProductDependency;
			package = BF1950352B4DD28600DD1F2A /* XCRemoteSwiftPackageReference "firebase-ios-sdk" */;
			productName = FirebaseStorage;
		};
		BF19506A2B4DD28600DD1F2A /* FirebaseStorageCombine-Community */ = {
			isa = XCSwiftPackageProductDependency;
			package = BF1950352B4DD28600DD1F2A /* XCRemoteSwiftPackageReference "firebase-ios-sdk" */;
			productName = "FirebaseStorageCombine-Community";
		};
		BF1950722B4DD90D00DD1F2A /* GoogleSignIn */ = {
			isa = XCSwiftPackageProductDependency;
			package = BF1950712B4DD90D00DD1F2A /* XCRemoteSwiftPackageReference "GoogleSignIn-iOS" */;
			productName = GoogleSignIn;
		};
		BF1950742B4DD90D00DD1F2A /* GoogleSignInSwift */ = {
			isa = XCSwiftPackageProductDependency;
			package = BF1950712B4DD90D00DD1F2A /* XCRemoteSwiftPackageReference "GoogleSignIn-iOS" */;
			productName = GoogleSignInSwift;
		};
/* End XCSwiftPackageProductDependency section */
	};
	rootObject = BF19501A2B4DBCCC00DD1F2A /* Project object */;
}
